
Microsoft Visual Studio Solution File, Format Version 12.00
# Visual Studio Version 17
VisualStudioVersion = 17.3.32922.545
MinimumVisualStudioVersion = 10.0.40219.1
Project("{FAE04EC0-301F-11D3-BF4B-00C04F79EFBC}") = "TemplateExample", "TemplateExample\TemplateExample.csproj", "{AF550585-89DC-4C6B-B212-06E4656BEBD4}"
EndProject
Global
	GlobalSection(SolutionConfigurationPlatforms) = preSolution
		Debug|Any CPU = Debug|Any CPU
		Release|Any CPU = Release|Any CPU
	EndGlobalSection
	GlobalSection(ProjectConfigurationPlatforms) = postSolution
		{AF550585-89DC-4C6B-B212-06E4656BEBD4}.Debug|Any CPU.ActiveCfg = Debug|Any CPU
		{AF550585-89DC-4C6B-B212-06E4656BEBD4}.Debug|Any CPU.Build.0 = Debug|Any CPU
		{AF550585-89DC-4C6B-B212-06E4656BEBD4}.Release|Any CPU.ActiveCfg = Release|Any CPU
		{AF550585-89DC-4C6B-B212-06E4656BEBD4}.Release|Any CPU.Build.0 = Release|Any CPU
	EndGlobalSection
	GlobalSection(SolutionProperties) = preSolution
		HideSolutionNode = FALSE
	EndGlobalSection
	GlobalSection(ExtensibilityGlobals) = postSolution
		SolutionGuid = {AC33D8E1-0C4C-471B-8C06-EF1F9CC90FFC}
	EndGlobalSection
EndGlobal
